
Microsoft Visual Studio Solution File, Format Version 12.00
# Visual Studio Version 16
VisualStudioVersion = 16.0.31112.23
MinimumVisualStudioVersion = 10.0.40219.1
Project("{FAE04EC0-301F-11D3-BF4B-00C04F79EFBC}") = "DigitKosova", "DigitKosova\DigitKosova.csproj", "{3C81BF84-67F5-40DC-8729-94DC6F9A7A66}"
EndProject
Global
	GlobalSection(SolutionConfigurationPlatforms) = preSolution
		Debug|Any CPU = Debug|Any CPU
		Release|Any CPU = Release|Any CPU
	EndGlobalSection
	GlobalSection(ProjectConfigurationPlatforms) = postSolution
		{3C81BF84-67F5-40DC-8729-94DC6F9A7A66}.Debug|Any CPU.ActiveCfg = Debug|Any CPU
		{3C81BF84-67F5-40DC-8729-94DC6F9A7A66}.Debug|Any CPU.Build.0 = Debug|Any CPU
		{3C81BF84-67F5-40DC-8729-94DC6F9A7A66}.Release|Any CPU.ActiveCfg = Release|Any CPU
		{3C81BF84-67F5-40DC-8729-94DC6F9A7A66}.Release|Any CPU.Build.0 = Release|Any CPU
	EndGlobalSection
	GlobalSection(SolutionProperties) = preSolution
		HideSolutionNode = FALSE
	EndGlobalSection
	GlobalSection(ExtensibilityGlobals) = postSolution
		SolutionGuid = {592F85F7-B585-4578-8CBD-9172DBF24F67}
	EndGlobalSection
EndGlobal
